
Microsoft Visual Studio Solution File, Format Version 12.00
# Visual Studio Version 17
VisualStudioVersion = 17.14.36603.0
MinimumVisualStudioVersion = 10.0.40219.1
Project("{2150E333-8FDC-42A3-9474-1A3956D46DE8}") = "src", "src", "{827E0CD3-B72D-47B6-A68D-7590B98EB39B}"
EndProject
Project("{2150E333-8FDC-42A3-9474-1A3956D46DE8}") = "BuildingBlocks", "BuildingBlocks", "{90298CBA-BD6F-3A0A-69D5-97CAD7B05E7E}"
EndProject
Project("{FAE04EC0-301F-11D3-BF4B-00C04F79EFBC}") = "BuildingBlocks.Abstractions", "src\BuildingBlocks\BuildingBlocks.Abstractions\BuildingBlocks.Abstractions.csproj", "{9AFF5520-968E-477B-BA9B-E6AE742C1C36}"
EndProject
Project("{FAE04EC0-301F-11D3-BF4B-00C04F79EFBC}") = "BuildingBlocks.Contracts", "src\BuildingBlocks\BuildingBlocks.Contracts\BuildingBlocks.Contracts.csproj", "{E11ADB96-49A9-4F2F-80B1-332449198843}"
EndProject
Project("{FAE04EC0-301F-11D3-BF4B-00C04F79EFBC}") = "BuildingBlocks.Web", "src\BuildingBlocks\BuildingBlocks.Web\BuildingBlocks.Web.csproj", "{D8D67836-46EF-4E50-AD1C-D59F0AE83769}"
EndProject
Project("{FAE04EC0-301F-11D3-BF4B-00C04F79EFBC}") = "ApiGateway", "src\Gateway\ApiGateway\ApiGateway.csproj", "{B9348ECA-8C31-491F-A39B-17F56A10B9C6}"
EndProject
Project("{FAE04EC0-301F-11D3-BF4B-00C04F79EFBC}") = "Identity.Api", "src\Services\Identity\Identity.Api\Identity.Api.csproj", "{46F128C6-7684-4639-9A8A-529C602D8053}"
EndProject
Project("{FAE04EC0-301F-11D3-BF4B-00C04F79EFBC}") = "Identity.Application", "src\Services\Identity\Identity.Application\Identity.Application.csproj", "{5FAB75F8-3F5C-4416-8E55-CA69325A7BF6}"
EndProject
Project("{FAE04EC0-301F-11D3-BF4B-00C04F79EFBC}") = "Identity.Contracts", "src\Services\Identity\Identity.Contracts\Identity.Contracts.csproj", "{BC8501C2-D479-4505-A219-13F5231CB31C}"
EndProject
Project("{FAE04EC0-301F-11D3-BF4B-00C04F79EFBC}") = "Identity.Domain", "src\Services\Identity\Identity.Domain\Identity.Domain.csproj", "{6C7F91BA-5F9B-4617-9F59-876391750E25}"
EndProject
Project("{FAE04EC0-301F-11D3-BF4B-00C04F79EFBC}") = "Identity.Infrastructure", "src\Services\Identity\Identity.Infrastructure\Identity.Infrastructure.csproj", "{1564E9BD-4CBE-4EBD-A5BF-FFCF6E0407DB}"
EndProject
Project("{FAE04EC0-301F-11D3-BF4B-00C04F79EFBC}") = "Identity.Worker", "src\Services\Identity\Identity.Worker\Identity.Worker.csproj", "{DD46F718-73FE-4F8E-88E5-63BCCDAF35FB}"
EndProject
Project("{FAE04EC0-301F-11D3-BF4B-00C04F79EFBC}") = "Notifications.Domain", "src\Services\Notifications\Notification.Domain\Notifications.Domain.csproj", "{223360D9-326B-4F43-8146-A87A89A03D30}"
	ProjectSection(ProjectDependencies) = postProject
		{9AFF5520-968E-477B-BA9B-E6AE742C1C36} = {9AFF5520-968E-477B-BA9B-E6AE742C1C36}
	EndProjectSection
EndProject
Project("{FAE04EC0-301F-11D3-BF4B-00C04F79EFBC}") = "Notifications.Infrastructure", "src\Services\Notifications\Notification.Infrastructure\Notifications.Infrastructure.csproj", "{BDC8C0B3-CD55-4AD9-8641-B6F4F6C7EF52}"
EndProject
Project("{FAE04EC0-301F-11D3-BF4B-00C04F79EFBC}") = "Notifications.Application", "src\Services\Notifications\Notification.Application\Notifications.Application.csproj", "{459A5E04-41B7-4430-A4BA-18611A442787}"
	ProjectSection(ProjectDependencies) = postProject
		{223360D9-326B-4F43-8146-A87A89A03D30} = {223360D9-326B-4F43-8146-A87A89A03D30}
	EndProjectSection
EndProject
Project("{FAE04EC0-301F-11D3-BF4B-00C04F79EFBC}") = "Notifications.Worker", "src\Services\Notifications\Notifications.Worker\Notifications.Worker.csproj", "{836137A9-A9AA-4ABC-AAB4-B2306ADD0A78}"
EndProject
Project("{FAE04EC0-301F-11D3-BF4B-00C04F79EFBC}") = "Notifications.Api", "src\Services\Notifications\Notifications.Api\Notifications.Api.csproj", "{8FFFACFE-4EFC-4B66-A4F6-9E91749610EC}"
EndProject
Global
	GlobalSection(SolutionConfigurationPlatforms) = preSolution
		Debug|Any CPU = Debug|Any CPU
		Debug|x64 = Debug|x64
		Debug|x86 = Debug|x86
		Release|Any CPU = Release|Any CPU
		Release|x64 = Release|x64
		Release|x86 = Release|x86
	EndGlobalSection
	GlobalSection(ProjectConfigurationPlatforms) = postSolution
		{9AFF5520-968E-477B-BA9B-E6AE742C1C36}.Debug|Any CPU.ActiveCfg = Debug|Any CPU
		{9AFF5520-968E-477B-BA9B-E6AE742C1C36}.Debug|Any CPU.Build.0 = Debug|Any CPU
		{9AFF5520-968E-477B-BA9B-E6AE742C1C36}.Debug|x64.ActiveCfg = Debug|Any CPU
		{9AFF5520-968E-477B-BA9B-E6AE742C1C36}.Debug|x64.Build.0 = Debug|Any CPU
		{9AFF5520-968E-477B-BA9B-E6AE742C1C36}.Debug|x86.ActiveCfg = Debug|Any CPU
		{9AFF5520-968E-477B-BA9B-E6AE742C1C36}.Debug|x86.Build.0 = Debug|Any CPU
		{9AFF5520-968E-477B-BA9B-E6AE742C1C36}.Release|Any CPU.ActiveCfg = Release|Any CPU
		{9AFF5520-968E-477B-BA9B-E6AE742C1C36}.Release|Any CPU.Build.0 = Release|Any CPU
		{9AFF5520-968E-477B-BA9B-E6AE742C1C36}.Release|x64.ActiveCfg = Release|Any CPU
		{9AFF5520-968E-477B-BA9B-E6AE742C1C36}.Release|x64.Build.0 = Release|Any CPU
		{9AFF5520-968E-477B-BA9B-E6AE742C1C36}.Release|x86.ActiveCfg = Release|Any CPU
		{9AFF5520-968E-477B-BA9B-E6AE742C1C36}.Release|x86.Build.0 = Release|Any CPU
		{E11ADB96-49A9-4F2F-80B1-332449198843}.Debug|Any CPU.ActiveCfg = Debug|Any CPU
		{E11ADB96-49A9-4F2F-80B1-332449198843}.Debug|Any CPU.Build.0 = Debug|Any CPU
		{E11ADB96-49A9-4F2F-80B1-332449198843}.Debug|x64.ActiveCfg = Debug|Any CPU
		{E11ADB96-49A9-4F2F-80B1-332449198843}.Debug|x64.Build.0 = Debug|Any CPU
		{E11ADB96-49A9-4F2F-80B1-332449198843}.Debug|x86.ActiveCfg = Debug|Any CPU
		{E11ADB96-49A9-4F2F-80B1-332449198843}.Debug|x86.Build.0 = Debug|Any CPU
		{E11ADB96-49A9-4F2F-80B1-332449198843}.Release|Any CPU.ActiveCfg = Release|Any CPU
		{E11ADB96-49A9-4F2F-80B1-332449198843}.Release|Any CPU.Build.0 = Release|Any CPU
		{E11ADB96-49A9-4F2F-80B1-332449198843}.Release|x64.ActiveCfg = Release|Any CPU
		{E11ADB96-49A9-4F2F-80B1-332449198843}.Release|x64.Build.0 = Release|Any CPU
		{E11ADB96-49A9-4F2F-80B1-332449198843}.Release|x86.ActiveCfg = Release|Any CPU
		{E11ADB96-49A9-4F2F-80B1-332449198843}.Release|x86.Build.0 = Release|Any CPU
		{D8D67836-46EF-4E50-AD1C-D59F0AE83769}.Debug|Any CPU.ActiveCfg = Debug|Any CPU
		{D8D67836-46EF-4E50-AD1C-D59F0AE83769}.Debug|Any CPU.Build.0 = Debug|Any CPU
		{D8D67836-46EF-4E50-AD1C-D59F0AE83769}.Debug|x64.ActiveCfg = Debug|Any CPU
		{D8D67836-46EF-4E50-AD1C-D59F0AE83769}.Debug|x64.Build.0 = Debug|Any CPU
		{D8D67836-46EF-4E50-AD1C-D59F0AE83769}.Debug|x86.ActiveCfg = Debug|Any CPU
		{D8D67836-46EF-4E50-AD1C-D59F0AE83769}.Debug|x86.Build.0 = Debug|Any CPU
		{D8D67836-46EF-4E50-AD1C-D59F0AE83769}.Release|Any CPU.ActiveCfg = Release|Any CPU
		{D8D67836-46EF-4E50-AD1C-D59F0AE83769}.Release|Any CPU.Build.0 = Release|Any CPU
		{D8D67836-46EF-4E50-AD1C-D59F0AE83769}.Release|x64.ActiveCfg = Release|Any CPU
		{D8D67836-46EF-4E50-AD1C-D59F0AE83769}.Release|x64.Build.0 = Release|Any CPU
		{D8D67836-46EF-4E50-AD1C-D59F0AE83769}.Release|x86.ActiveCfg = Release|Any CPU
		{D8D67836-46EF-4E50-AD1C-D59F0AE83769}.Release|x86.Build.0 = Release|Any CPU
		{B9348ECA-8C31-491F-A39B-17F56A10B9C6}.Debug|Any CPU.ActiveCfg = Debug|Any CPU
		{B9348ECA-8C31-491F-A39B-17F56A10B9C6}.Debug|Any CPU.Build.0 = Debug|Any CPU
		{B9348ECA-8C31-491F-A39B-17F56A10B9C6}.Debug|x64.ActiveCfg = Debug|Any CPU
		{B9348ECA-8C31-491F-A39B-17F56A10B9C6}.Debug|x64.Build.0 = Debug|Any CPU
		{B9348ECA-8C31-491F-A39B-17F56A10B9C6}.Debug|x86.ActiveCfg = Debug|Any CPU
		{B9348ECA-8C31-491F-A39B-17F56A10B9C6}.Debug|x86.Build.0 = Debug|Any CPU
		{B9348ECA-8C31-491F-A39B-17F56A10B9C6}.Release|Any CPU.ActiveCfg = Release|Any CPU
		{B9348ECA-8C31-491F-A39B-17F56A10B9C6}.Release|Any CPU.Build.0 = Release|Any CPU
		{B9348ECA-8C31-491F-A39B-17F56A10B9C6}.Release|x64.ActiveCfg = Release|Any CPU
		{B9348ECA-8C31-491F-A39B-17F56A10B9C6}.Release|x64.Build.0 = Release|Any CPU
		{B9348ECA-8C31-491F-A39B-17F56A10B9C6}.Release|x86.ActiveCfg = Release|Any CPU
		{B9348ECA-8C31-491F-A39B-17F56A10B9C6}.Release|x86.Build.0 = Release|Any CPU
		{46F128C6-7684-4639-9A8A-529C602D8053}.Debug|Any CPU.ActiveCfg = Debug|Any CPU
		{46F128C6-7684-4639-9A8A-529C602D8053}.Debug|Any CPU.Build.0 = Debug|Any CPU
		{46F128C6-7684-4639-9A8A-529C602D8053}.Debug|x64.ActiveCfg = Debug|Any CPU
		{46F128C6-7684-4639-9A8A-529C602D8053}.Debug|x64.Build.0 = Debug|Any CPU
		{46F128C6-7684-4639-9A8A-529C602D8053}.Debug|x86.ActiveCfg = Debug|Any CPU
		{46F128C6-7684-4639-9A8A-529C602D8053}.Debug|x86.Build.0 = Debug|Any CPU
		{46F128C6-7684-4639-9A8A-529C602D8053}.Release|Any CPU.ActiveCfg = Release|Any CPU
		{46F128C6-7684-4639-9A8A-529C602D8053}.Release|Any CPU.Build.0 = Release|Any CPU
		{46F128C6-7684-4639-9A8A-529C602D8053}.Release|x64.ActiveCfg = Release|Any CPU
		{46F128C6-7684-4639-9A8A-529C602D8053}.Release|x64.Build.0 = Release|Any CPU
		{46F128C6-7684-4639-9A8A-529C602D8053}.Release|x86.ActiveCfg = Release|Any CPU
		{46F128C6-7684-4639-9A8A-529C602D8053}.Release|x86.Build.0 = Release|Any CPU
		{5FAB75F8-3F5C-4416-8E55-CA69325A7BF6}.Debug|Any CPU.ActiveCfg = Debug|Any CPU
		{5FAB75F8-3F5C-4416-8E55-CA69325A7BF6}.Debug|Any CPU.Build.0 = Debug|Any CPU
		{5FAB75F8-3F5C-4416-8E55-CA69325A7BF6}.Debug|x64.ActiveCfg = Debug|Any CPU
		{5FAB75F8-3F5C-4416-8E55-CA69325A7BF6}.Debug|x64.Build.0 = Debug|Any CPU
		{5FAB75F8-3F5C-4416-8E55-CA69325A7BF6}.Debug|x86.ActiveCfg = Debug|Any CPU
		{5FAB75F8-3F5C-4416-8E55-CA69325A7BF6}.Debug|x86.Build.0 = Debug|Any CPU
		{5FAB75F8-3F5C-4416-8E55-CA69325A7BF6}.Release|Any CPU.ActiveCfg = Release|Any CPU
		{5FAB75F8-3F5C-4416-8E55-CA69325A7BF6}.Release|Any CPU.Build.0 = Release|Any CPU
		{5FAB75F8-3F5C-4416-8E55-CA69325A7BF6}.Release|x64.ActiveCfg = Release|Any CPU
		{5FAB75F8-3F5C-4416-8E55-CA69325A7BF6}.Release|x64.Build.0 = Release|Any CPU
		{5FAB75F8-3F5C-4416-8E55-CA69325A7BF6}.Release|x86.ActiveCfg = Release|Any CPU
		{5FAB75F8-3F5C-4416-8E55-CA69325A7BF6}.Release|x86.Build.0 = Release|Any CPU
		{BC8501C2-D479-4505-A219-13F5231CB31C}.Debug|Any CPU.ActiveCfg = Debug|Any CPU
		{BC8501C2-D479-4505-A219-13F5231CB31C}.Debug|Any CPU.Build.0 = Debug|Any CPU
		{BC8501C2-D479-4505-A219-13F5231CB31C}.Debug|x64.ActiveCfg = Debug|Any CPU
		{BC8501C2-D479-4505-A219-13F5231CB31C}.Debug|x64.Build.0 = Debug|Any CPU
		{BC8501C2-D479-4505-A219-13F5231CB31C}.Debug|x86.ActiveCfg = Debug|Any CPU
		{BC8501C2-D479-4505-A219-13F5231CB31C}.Debug|x86.Build.0 = Debug|Any CPU
		{BC8501C2-D479-4505-A219-13F5231CB31C}.Release|Any CPU.ActiveCfg = Release|Any CPU
		{BC8501C2-D479-4505-A219-13F5231CB31C}.Release|Any CPU.Build.0 = Release|Any CPU
		{BC8501C2-D479-4505-A219-13F5231CB31C}.Release|x64.ActiveCfg = Release|Any CPU
		{BC8501C2-D479-4505-A219-13F5231CB31C}.Release|x64.Build.0 = Release|Any CPU
		{BC8501C2-D479-4505-A219-13F5231CB31C}.Release|x86.ActiveCfg = Release|Any CPU
		{BC8501C2-D479-4505-A219-13F5231CB31C}.Release|x86.Build.0 = Release|Any CPU
		{6C7F91BA-5F9B-4617-9F59-876391750E25}.Debug|Any CPU.ActiveCfg = Debug|Any CPU
		{6C7F91BA-5F9B-4617-9F59-876391750E25}.Debug|Any CPU.Build.0 = Debug|Any CPU
		{6C7F91BA-5F9B-4617-9F59-876391750E25}.Debug|x64.ActiveCfg = Debug|Any CPU
		{6C7F91BA-5F9B-4617-9F59-876391750E25}.Debug|x64.Build.0 = Debug|Any CPU
		{6C7F91BA-5F9B-4617-9F59-876391750E25}.Debug|x86.ActiveCfg = Debug|Any CPU
		{6C7F91BA-5F9B-4617-9F59-876391750E25}.Debug|x86.Build.0 = Debug|Any CPU
		{6C7F91BA-5F9B-4617-9F59-876391750E25}.Release|Any CPU.ActiveCfg = Release|Any CPU
		{6C7F91BA-5F9B-4617-9F59-876391750E25}.Release|Any CPU.Build.0 = Release|Any CPU
		{6C7F91BA-5F9B-4617-9F59-876391750E25}.Release|x64.ActiveCfg = Release|Any CPU
		{6C7F91BA-5F9B-4617-9F59-876391750E25}.Release|x64.Build.0 = Release|Any CPU
		{6C7F91BA-5F9B-4617-9F59-876391750E25}.Release|x86.ActiveCfg = Release|Any CPU
		{6C7F91BA-5F9B-4617-9F59-876391750E25}.Release|x86.Build.0 = Release|Any CPU
		{1564E9BD-4CBE-4EBD-A5BF-FFCF6E0407DB}.Debug|Any CPU.ActiveCfg = Debug|Any CPU
		{1564E9BD-4CBE-4EBD-A5BF-FFCF6E0407DB}.Debug|Any CPU.Build.0 = Debug|Any CPU
		{1564E9BD-4CBE-4EBD-A5BF-FFCF6E0407DB}.Debug|x64.ActiveCfg = Debug|Any CPU
		{1564E9BD-4CBE-4EBD-A5BF-FFCF6E0407DB}.Debug|x64.Build.0 = Debug|Any CPU
		{1564E9BD-4CBE-4EBD-A5BF-FFCF6E0407DB}.Debug|x86.ActiveCfg = Debug|Any CPU
		{1564E9BD-4CBE-4EBD-A5BF-FFCF6E0407DB}.Debug|x86.Build.0 = Debug|Any CPU
		{1564E9BD-4CBE-4EBD-A5BF-FFCF6E0407DB}.Release|Any CPU.ActiveCfg = Release|Any CPU
		{1564E9BD-4CBE-4EBD-A5BF-FFCF6E0407DB}.Release|Any CPU.Build.0 = Release|Any CPU
		{1564E9BD-4CBE-4EBD-A5BF-FFCF6E0407DB}.Release|x64.ActiveCfg = Release|Any CPU
		{1564E9BD-4CBE-4EBD-A5BF-FFCF6E0407DB}.Release|x64.Build.0 = Release|Any CPU
		{1564E9BD-4CBE-4EBD-A5BF-FFCF6E0407DB}.Release|x86.ActiveCfg = Release|Any CPU
		{1564E9BD-4CBE-4EBD-A5BF-FFCF6E0407DB}.Release|x86.Build.0 = Release|Any CPU
		{DD46F718-73FE-4F8E-88E5-63BCCDAF35FB}.Debug|Any CPU.ActiveCfg = Debug|Any CPU
		{DD46F718-73FE-4F8E-88E5-63BCCDAF35FB}.Debug|Any CPU.Build.0 = Debug|Any CPU
		{DD46F718-73FE-4F8E-88E5-63BCCDAF35FB}.Debug|x64.ActiveCfg = Debug|Any CPU
		{DD46F718-73FE-4F8E-88E5-63BCCDAF35FB}.Debug|x64.Build.0 = Debug|Any CPU
		{DD46F718-73FE-4F8E-88E5-63BCCDAF35FB}.Debug|x86.ActiveCfg = Debug|Any CPU
		{DD46F718-73FE-4F8E-88E5-63BCCDAF35FB}.Debug|x86.Build.0 = Debug|Any CPU
		{DD46F718-73FE-4F8E-88E5-63BCCDAF35FB}.Release|Any CPU.ActiveCfg = Release|Any CPU
		{DD46F718-73FE-4F8E-88E5-63BCCDAF35FB}.Release|Any CPU.Build.0 = Release|Any CPU
		{DD46F718-73FE-4F8E-88E5-63BCCDAF35FB}.Release|x64.ActiveCfg = Release|Any CPU
		{DD46F718-73FE-4F8E-88E5-63BCCDAF35FB}.Release|x64.Build.0 = Release|Any CPU
		{DD46F718-73FE-4F8E-88E5-63BCCDAF35FB}.Release|x86.ActiveCfg = Release|Any CPU
		{DD46F718-73FE-4F8E-88E5-63BCCDAF35FB}.Release|x86.Build.0 = Release|Any CPU
		{223360D9-326B-4F43-8146-A87A89A03D30}.Debug|Any CPU.ActiveCfg = Debug|Any CPU
		{223360D9-326B-4F43-8146-A87A89A03D30}.Debug|Any CPU.Build.0 = Debug|Any CPU
		{223360D9-326B-4F43-8146-A87A89A03D30}.Debug|x64.ActiveCfg = Debug|Any CPU
		{223360D9-326B-4F43-8146-A87A89A03D30}.Debug|x64.Build.0 = Debug|Any CPU
		{223360D9-326B-4F43-8146-A87A89A03D30}.Debug|x86.ActiveCfg = Debug|Any CPU
		{223360D9-326B-4F43-8146-A87A89A03D30}.Debug|x86.Build.0 = Debug|Any CPU
		{223360D9-326B-4F43-8146-A87A89A03D30}.Release|Any CPU.ActiveCfg = Release|Any CPU
		{223360D9-326B-4F43-8146-A87A89A03D30}.Release|Any CPU.Build.0 = Release|Any CPU
		{223360D9-326B-4F43-8146-A87A89A03D30}.Release|x64.ActiveCfg = Release|Any CPU
		{223360D9-326B-4F43-8146-A87A89A03D30}.Release|x64.Build.0 = Release|Any CPU
		{223360D9-326B-4F43-8146-A87A89A03D30}.Release|x86.ActiveCfg = Release|Any CPU
		{223360D9-326B-4F43-8146-A87A89A03D30}.Release|x86.Build.0 = Release|Any CPU
		{BDC8C0B3-CD55-4AD9-8641-B6F4F6C7EF52}.Debug|Any CPU.ActiveCfg = Debug|Any CPU
		{BDC8C0B3-CD55-4AD9-8641-B6F4F6C7EF52}.Debug|Any CPU.Build.0 = Debug|Any CPU
		{BDC8C0B3-CD55-4AD9-8641-B6F4F6C7EF52}.Debug|x64.ActiveCfg = Debug|Any CPU
		{BDC8C0B3-CD55-4AD9-8641-B6F4F6C7EF52}.Debug|x64.Build.0 = Debug|Any CPU
		{BDC8C0B3-CD55-4AD9-8641-B6F4F6C7EF52}.Debug|x86.ActiveCfg = Debug|Any CPU
		{BDC8C0B3-CD55-4AD9-8641-B6F4F6C7EF52}.Debug|x86.Build.0 = Debug|Any CPU
		{BDC8C0B3-CD55-4AD9-8641-B6F4F6C7EF52}.Release|Any CPU.ActiveCfg = Release|Any CPU
		{BDC8C0B3-CD55-4AD9-8641-B6F4F6C7EF52}.Release|Any CPU.Build.0 = Release|Any CPU
		{BDC8C0B3-CD55-4AD9-8641-B6F4F6C7EF52}.Release|x64.ActiveCfg = Release|Any CPU
		{BDC8C0B3-CD55-4AD9-8641-B6F4F6C7EF52}.Release|x64.Build.0 = Release|Any CPU
		{BDC8C0B3-CD55-4AD9-8641-B6F4F6C7EF52}.Release|x86.ActiveCfg = Release|Any CPU
		{BDC8C0B3-CD55-4AD9-8641-B6F4F6C7EF52}.Release|x86.Build.0 = Release|Any CPU
		{459A5E04-41B7-4430-A4BA-18611A442787}.Debug|Any CPU.ActiveCfg = Debug|Any CPU
		{459A5E04-41B7-4430-A4BA-18611A442787}.Debug|Any CPU.Build.0 = Debug|Any CPU
		{459A5E04-41B7-4430-A4BA-18611A442787}.Debug|x64.ActiveCfg = Debug|Any CPU
		{459A5E04-41B7-4430-A4BA-18611A442787}.Debug|x64.Build.0 = Debug|Any CPU
		{459A5E04-41B7-4430-A4BA-18611A442787}.Debug|x86.ActiveCfg = Debug|Any CPU
		{459A5E04-41B7-4430-A4BA-18611A442787}.Debug|x86.Build.0 = Debug|Any CPU
		{459A5E04-41B7-4430-A4BA-18611A442787}.Release|Any CPU.ActiveCfg = Release|Any CPU
		{459A5E04-41B7-4430-A4BA-18611A442787}.Release|Any CPU.Build.0 = Release|Any CPU
		{459A5E04-41B7-4430-A4BA-18611A442787}.Release|x64.ActiveCfg = Release|Any CPU
		{459A5E04-41B7-4430-A4BA-18611A442787}.Release|x64.Build.0 = Release|Any CPU
		{459A5E04-41B7-4430-A4BA-18611A442787}.Release|x86.ActiveCfg = Release|Any CPU
		{459A5E04-41B7-4430-A4BA-18611A442787}.Release|x86.Build.0 = Release|Any CPU
		{836137A9-A9AA-4ABC-AAB4-B2306ADD0A78}.Debug|Any CPU.ActiveCfg = Debug|Any CPU
		{836137A9-A9AA-4ABC-AAB4-B2306ADD0A78}.Debug|Any CPU.Build.0 = Debug|Any CPU
		{836137A9-A9AA-4ABC-AAB4-B2306ADD0A78}.Debug|x64.ActiveCfg = Debug|Any CPU
		{836137A9-A9AA-4ABC-AAB4-B2306ADD0A78}.Debug|x64.Build.0 = Debug|Any CPU
		{836137A9-A9AA-4ABC-AAB4-B2306ADD0A78}.Debug|x86.ActiveCfg = Debug|Any CPU
		{836137A9-A9AA-4ABC-AAB4-B2306ADD0A78}.Debug|x86.Build.0 = Debug|Any CPU
		{836137A9-A9AA-4ABC-AAB4-B2306ADD0A78}.Release|Any CPU.ActiveCfg = Release|Any CPU
		{836137A9-A9AA-4ABC-AAB4-B2306ADD0A78}.Release|Any CPU.Build.0 = Release|Any CPU
		{836137A9-A9AA-4ABC-AAB4-B2306ADD0A78}.Release|x64.ActiveCfg = Release|Any CPU
		{836137A9-A9AA-4ABC-AAB4-B2306ADD0A78}.Release|x64.Build.0 = Release|Any CPU
		{836137A9-A9AA-4ABC-AAB4-B2306ADD0A78}.Release|x86.ActiveCfg = Release|Any CPU
		{836137A9-A9AA-4ABC-AAB4-B2306ADD0A78}.Release|x86.Build.0 = Release|Any CPU
		{8FFFACFE-4EFC-4B66-A4F6-9E91749610EC}.Debug|Any CPU.ActiveCfg = Debug|Any CPU
		{8FFFACFE-4EFC-4B66-A4F6-9E91749610EC}.Debug|Any CPU.Build.0 = Debug|Any CPU
		{8FFFACFE-4EFC-4B66-A4F6-9E91749610EC}.Debug|x64.ActiveCfg = Debug|Any CPU
		{8FFFACFE-4EFC-4B66-A4F6-9E91749610EC}.Debug|x64.Build.0 = Debug|Any CPU
		{8FFFACFE-4EFC-4B66-A4F6-9E91749610EC}.Debug|x86.ActiveCfg = Debug|Any CPU
		{8FFFACFE-4EFC-4B66-A4F6-9E91749610EC}.Debug|x86.Build.0 = Debug|Any CPU
		{8FFFACFE-4EFC-4B66-A4F6-9E91749610EC}.Release|Any CPU.ActiveCfg = Release|Any CPU
		{8FFFACFE-4EFC-4B66-A4F6-9E91749610EC}.Release|Any CPU.Build.0 = Release|Any CPU
		{8FFFACFE-4EFC-4B66-A4F6-9E91749610EC}.Release|x64.ActiveCfg = Release|Any CPU
		{8FFFACFE-4EFC-4B66-A4F6-9E91749610EC}.Release|x64.Build.0 = Release|Any CPU
		{8FFFACFE-4EFC-4B66-A4F6-9E91749610EC}.Release|x86.ActiveCfg = Release|Any CPU
		{8FFFACFE-4EFC-4B66-A4F6-9E91749610EC}.Release|x86.Build.0 = Release|Any CPU
	EndGlobalSection
	GlobalSection(SolutionProperties) = preSolution
		HideSolutionNode = FALSE
	EndGlobalSection
	GlobalSection(NestedProjects) = preSolution
		{90298CBA-BD6F-3A0A-69D5-97CAD7B05E7E} = {827E0CD3-B72D-47B6-A68D-7590B98EB39B}
		{9AFF5520-968E-477B-BA9B-E6AE742C1C36} = {90298CBA-BD6F-3A0A-69D5-97CAD7B05E7E}
		{E11ADB96-49A9-4F2F-80B1-332449198843} = {90298CBA-BD6F-3A0A-69D5-97CAD7B05E7E}
		{D8D67836-46EF-4E50-AD1C-D59F0AE83769} = {90298CBA-BD6F-3A0A-69D5-97CAD7B05E7E}
		{B9348ECA-8C31-491F-A39B-17F56A10B9C6} = {90298CBA-BD6F-3A0A-69D5-97CAD7B05E7E}
		{46F128C6-7684-4639-9A8A-529C602D8053} = {90298CBA-BD6F-3A0A-69D5-97CAD7B05E7E}
		{5FAB75F8-3F5C-4416-8E55-CA69325A7BF6} = {90298CBA-BD6F-3A0A-69D5-97CAD7B05E7E}
		{BC8501C2-D479-4505-A219-13F5231CB31C} = {90298CBA-BD6F-3A0A-69D5-97CAD7B05E7E}
		{6C7F91BA-5F9B-4617-9F59-876391750E25} = {90298CBA-BD6F-3A0A-69D5-97CAD7B05E7E}
		{1564E9BD-4CBE-4EBD-A5BF-FFCF6E0407DB} = {90298CBA-BD6F-3A0A-69D5-97CAD7B05E7E}
		{DD46F718-73FE-4F8E-88E5-63BCCDAF35FB} = {90298CBA-BD6F-3A0A-69D5-97CAD7B05E7E}
		{223360D9-326B-4F43-8146-A87A89A03D30} = {90298CBA-BD6F-3A0A-69D5-97CAD7B05E7E}
		{BDC8C0B3-CD55-4AD9-8641-B6F4F6C7EF52} = {90298CBA-BD6F-3A0A-69D5-97CAD7B05E7E}
		{459A5E04-41B7-4430-A4BA-18611A442787} = {90298CBA-BD6F-3A0A-69D5-97CAD7B05E7E}
		{836137A9-A9AA-4ABC-AAB4-B2306ADD0A78} = {90298CBA-BD6F-3A0A-69D5-97CAD7B05E7E}
		{8FFFACFE-4EFC-4B66-A4F6-9E91749610EC} = {90298CBA-BD6F-3A0A-69D5-97CAD7B05E7E}
	EndGlobalSection
	GlobalSection(ExtensibilityGlobals) = postSolution
		SolutionGuid = {5A673248-F876-4ECF-B1CE-1F932CE2DAF5}
	EndGlobalSection
EndGlobal
